<?xml version="1.0" encoding="utf-8"?>
<Project ToolsVersion="4.0" xmlns="http://schemas.microsoft.com/developer/msbuild/2003">
  <ItemGroup>
    <ClCompile Include="src\entropy\scene\Base.cpp">
      <Filter>src\entropy\scene</Filter>
    </ClCompile>
    <ClCompile Include="src\entropy\render\Canvas.cpp">
      <Filter>src\entropy\render</Filter>
    </ClCompile>
    <ClCompile Include="src\entropy\util\App.cpp">
      <Filter>src\entropy\util</Filter>
    </ClCompile>
    <ClCompile Include="..\..\addons\ofxImGui\libs\imgui\src\imgui.cpp">
      <Filter>addons\ofxImGui\libs\imgui\src</Filter>
    </ClCompile>
    <ClCompile Include="..\..\addons\ofxImGui\libs\imgui\src\imgui_demo.cpp">
      <Filter>addons\ofxImGui\libs\imgui\src</Filter>
    </ClCompile>
    <ClCompile Include="..\..\addons\ofxImGui\libs\imgui\src\imgui_draw.cpp">
      <Filter>addons\ofxImGui\libs\imgui\src</Filter>
    </ClCompile>
    <ClCompile Include="..\..\addons\ofxImGui\src\BaseEngine.cpp">
      <Filter>addons\ofxImGui\src</Filter>
    </ClCompile>
    <ClCompile Include="..\..\addons\ofxImGui\src\BaseTheme.cpp">
      <Filter>addons\ofxImGui\src</Filter>
    </ClCompile>
    <ClCompile Include="..\..\addons\ofxImGui\src\EngineGLFW.cpp">
      <Filter>addons\ofxImGui\src</Filter>
    </ClCompile>
    <ClCompile Include="..\..\addons\ofxImGui\src\EngineOpenGLES.cpp">
      <Filter>addons\ofxImGui\src</Filter>
    </ClCompile>
    <ClCompile Include="..\..\addons\ofxImGui\src\ofxImGui.cpp">
      <Filter>addons\ofxImGui\src</Filter>
    </ClCompile>
    <ClCompile Include="..\..\addons\ofxMSATimer\src\ofxMSATimer.cpp">
      <Filter>addons\ofxMSATimer\src</Filter>
    </ClCompile>
    <ClCompile Include="..\..\addons\ofxTextInputField\src\ofxTextInputField.cpp">
      <Filter>addons\ofxTextInputField\src</Filter>
    </ClCompile>
    <ClCompile Include="..\..\addons\ofxTimecode\src\ofxTimecode.cpp">
      <Filter>addons\ofxTimecode\src</Filter>
    </ClCompile>
    <ClCompile Include="..\..\addons\ofxTimeline\src\ofxHotKeys_impl_linux.cpp">
      <Filter>addons\ofxTimeline\src</Filter>
    </ClCompile>
    <ClCompile Include="..\..\addons\ofxTimeline\src\ofxHotKeys_impl_win.cpp">
      <Filter>addons\ofxTimeline\src</Filter>
    </ClCompile>
    <ClCompile Include="..\..\addons\ofxTimeline\src\ofxTimeline.cpp">
      <Filter>addons\ofxTimeline\src</Filter>
    </ClCompile>
    <ClCompile Include="..\..\addons\ofxTimeline\src\ofxTLBangs.cpp">
      <Filter>addons\ofxTimeline\src</Filter>
    </ClCompile>
    <ClCompile Include="..\..\addons\ofxTimeline\src\ofxTLCameraTrack.cpp">
      <Filter>addons\ofxTimeline\src</Filter>
    </ClCompile>
    <ClCompile Include="..\..\addons\ofxTimeline\src\ofxTLColors.cpp">
      <Filter>addons\ofxTimeline\src</Filter>
    </ClCompile>
    <ClCompile Include="..\..\addons\ofxTimeline\src\ofxTLColorTrack.cpp">
      <Filter>addons\ofxTimeline\src</Filter>
    </ClCompile>
    <ClCompile Include="..\..\addons\ofxTimeline\src\ofxTLCurves.cpp">
      <Filter>addons\ofxTimeline\src</Filter>
    </ClCompile>
    <ClCompile Include="..\..\addons\ofxTimeline\src\ofxTLEmptyKeyframes.cpp">
      <Filter>addons\ofxTimeline\src</Filter>
    </ClCompile>
    <ClCompile Include="..\..\addons\ofxTimeline\src\ofxTLEmptyTrack.cpp">
      <Filter>addons\ofxTimeline\src</Filter>
    </ClCompile>
    <ClCompile Include="..\..\addons\ofxTimeline\src\ofxTLFlags.cpp">
      <Filter>addons\ofxTimeline\src</Filter>
    </ClCompile>
    <ClCompile Include="..\..\addons\ofxTimeline\src\ofxTLImageSequence.cpp">
      <Filter>addons\ofxTimeline\src</Filter>
    </ClCompile>
    <ClCompile Include="..\..\addons\ofxTimeline\src\ofxTLImageSequenceFrame.cpp">
      <Filter>addons\ofxTimeline\src</Filter>
    </ClCompile>
    <ClCompile Include="..\..\addons\ofxTimeline\src\ofxTLImageTrack.cpp">
      <Filter>addons\ofxTimeline\src</Filter>
    </ClCompile>
    <ClCompile Include="..\..\addons\ofxTimeline\src\ofxTLInOut.cpp">
      <Filter>addons\ofxTimeline\src</Filter>
    </ClCompile>
    <ClCompile Include="..\..\addons\ofxTimeline\src\ofxTLKeyframes.cpp">
      <Filter>addons\ofxTimeline\src</Filter>
    </ClCompile>
    <ClCompile Include="..\..\addons\ofxTimeline\src\ofxTLLFO.cpp">
      <Filter>addons\ofxTimeline\src</Filter>
    </ClCompile>
    <ClCompile Include="..\..\addons\ofxTimeline\src\ofxTLPage.cpp">
      <Filter>addons\ofxTimeline\src</Filter>
    </ClCompile>
    <ClCompile Include="..\..\addons\ofxTimeline\src\ofxTLPageTabs.cpp">
      <Filter>addons\ofxTimeline\src</Filter>
    </ClCompile>
    <ClCompile Include="..\..\addons\ofxTimeline\src\ofxTLSwitches.cpp">
      <Filter>addons\ofxTimeline\src</Filter>
    </ClCompile>
    <ClCompile Include="..\..\addons\ofxTimeline\src\ofxTLTicker.cpp">
      <Filter>addons\ofxTimeline\src</Filter>
    </ClCompile>
    <ClCompile Include="..\..\addons\ofxTimeline\src\ofxTLTrack.cpp">
      <Filter>addons\ofxTimeline\src</Filter>
    </ClCompile>
    <ClCompile Include="..\..\addons\ofxTimeline\src\ofxTLTrackHeader.cpp">
      <Filter>addons\ofxTimeline\src</Filter>
    </ClCompile>
    <ClCompile Include="..\..\addons\ofxTimeline\src\ofxTLVideoThumb.cpp">
      <Filter>addons\ofxTimeline\src</Filter>
    </ClCompile>
    <ClCompile Include="..\..\addons\ofxTimeline\src\ofxTLVideoTrack.cpp">
      <Filter>addons\ofxTimeline\src</Filter>
    </ClCompile>
    <ClCompile Include="..\..\addons\ofxTimeline\src\ofxTLZoomer.cpp">
      <Filter>addons\ofxTimeline\src</Filter>
    </ClCompile>
    <ClCompile Include="..\..\addons\ofxTween\src\Easings\ofxEasing.cpp">
      <Filter>addons\ofxTween\src\Easings</Filter>
    </ClCompile>
    <ClCompile Include="..\..\addons\ofxTween\src\Easings\ofxEasingBack.cpp">
      <Filter>addons\ofxTween\src\Easings</Filter>
    </ClCompile>
    <ClCompile Include="..\..\addons\ofxTween\src\Easings\ofxEasingBounce.cpp">
      <Filter>addons\ofxTween\src\Easings</Filter>
    </ClCompile>
    <ClCompile Include="..\..\addons\ofxTween\src\Easings\ofxEasingCirc.cpp">
      <Filter>addons\ofxTween\src\Easings</Filter>
    </ClCompile>
    <ClCompile Include="..\..\addons\ofxTween\src\Easings\ofxEasingCubic.cpp">
      <Filter>addons\ofxTween\src\Easings</Filter>
    </ClCompile>
    <ClCompile Include="..\..\addons\ofxTween\src\Easings\ofxEasingElastic.cpp">
      <Filter>addons\ofxTween\src\Easings</Filter>
    </ClCompile>
    <ClCompile Include="..\..\addons\ofxTween\src\Easings\ofxEasingExpo.cpp">
      <Filter>addons\ofxTween\src\Easings</Filter>
    </ClCompile>
    <ClCompile Include="..\..\addons\ofxTween\src\Easings\ofxEasingLinear.cpp">
      <Filter>addons\ofxTween\src\Easings</Filter>
    </ClCompile>
    <ClCompile Include="..\..\addons\ofxTween\src\Easings\ofxEasingQuad.cpp">
      <Filter>addons\ofxTween\src\Easings</Filter>
    </ClCompile>
    <ClCompile Include="..\..\addons\ofxTween\src\Easings\ofxEasingQuart.cpp">
      <Filter>addons\ofxTween\src\Easings</Filter>
    </ClCompile>
    <ClCompile Include="..\..\addons\ofxTween\src\Easings\ofxEasingQuint.cpp">
      <Filter>addons\ofxTween\src\Easings</Filter>
    </ClCompile>
    <ClCompile Include="..\..\addons\ofxTween\src\Easings\ofxEasingSine.cpp">
      <Filter>addons\ofxTween\src\Easings</Filter>
    </ClCompile>
    <ClCompile Include="..\..\addons\ofxTween\src\ofxTween.cpp">
      <Filter>addons\ofxTween\src</Filter>
    </ClCompile>
    <ClCompile Include="..\..\addons\ofxWarp\src\ofxWarp\WarpPerspective.cpp">
      <Filter>addons\ofxWarp\src\ofxWarp</Filter>
    </ClCompile>
    <ClCompile Include="..\..\addons\ofxWarp\src\ofxWarp\WarpPerspectiveBilinear.cpp">
      <Filter>addons\ofxWarp\src\ofxWarp</Filter>
    </ClCompile>
    <ClCompile Include="..\..\addons\ofxWarp\src\ofxWarp\Controller.cpp">
      <Filter>addons\ofxWarp\src\ofxWarp</Filter>
    </ClCompile>
    <ClCompile Include="..\..\addons\ofxWarp\src\ofxWarp\WarpBase.cpp">
      <Filter>addons\ofxWarp\src\ofxWarp</Filter>
    </ClCompile>
    <ClCompile Include="..\..\addons\ofxWarp\src\ofxWarp\WarpBilinear.cpp">
      <Filter>addons\ofxWarp\src\ofxWarp</Filter>
    </ClCompile>
    <ClCompile Include="..\..\..\addons\ofxXmlSettings\libs\tinyxml.cpp">
      <Filter>addons\ofxXmlSettings\libs</Filter>
    </ClCompile>
    <ClCompile Include="..\..\..\addons\ofxXmlSettings\libs\tinyxmlerror.cpp">
      <Filter>addons\ofxXmlSettings\libs</Filter>
    </ClCompile>
    <ClCompile Include="..\..\..\addons\ofxXmlSettings\libs\tinyxmlparser.cpp">
      <Filter>addons\ofxXmlSettings\libs</Filter>
    </ClCompile>
    <ClCompile Include="..\..\..\addons\ofxXmlSettings\src\ofxXmlSettings.cpp">
      <Filter>addons\ofxXmlSettings\src</Filter>
    </ClCompile>
    <ClCompile Include="src\entropy\popup\Base.cpp">
      <Filter>src\entropy\popup</Filter>
    </ClCompile>
    <ClCompile Include="src\entropy\popup\Image.cpp">
      <Filter>src\entropy\popup</Filter>
    </ClCompile>
    <ClCompile Include="..\..\addons\ofxTextureRecorder\src\ofxTextureRecorder.cpp">
      <Filter>addons\ofxTextureRecorder\src</Filter>
    </ClCompile>
    <ClCompile Include="..\..\addons\ofxWMFVideoPlayer\src\ofxWMFVideoPlayer.cpp">
      <Filter>addons\ofxWMFVideoPlayer\src</Filter>
    </ClCompile>
    <ClCompile Include="..\..\addons\ofxWMFVideoPlayer\src\ofxWMFVideoPlayerUtils.cpp">
      <Filter>addons\ofxWMFVideoPlayer\src</Filter>
    </ClCompile>
    <ClCompile Include="..\..\addons\ofxWMFVideoPlayer\src\presenter\Helpers.cpp">
      <Filter>addons\ofxWMFVideoPlayer\src\presenter</Filter>
    </ClCompile>
    <ClCompile Include="..\..\addons\ofxWMFVideoPlayer\src\presenter\PresentEngine.cpp">
      <Filter>addons\ofxWMFVideoPlayer\src\presenter</Filter>
    </ClCompile>
    <ClCompile Include="..\..\addons\ofxWMFVideoPlayer\src\presenter\Presenter.cpp">
      <Filter>addons\ofxWMFVideoPlayer\src\presenter</Filter>
    </ClCompile>
    <ClCompile Include="..\..\addons\ofxWMFVideoPlayer\src\presenter\scheduler.cpp">
      <Filter>addons\ofxWMFVideoPlayer\src\presenter</Filter>
    </ClCompile>
    <ClCompile Include="src\entropy\popup\Video.cpp">
      <Filter>src\entropy\popup</Filter>
    </ClCompile>
    <ClCompile Include="..\..\addons\ofxPreset\src\ofxPreset\Gui.cpp">
      <Filter>addons\ofxPreset\src\ofxPreset</Filter>
    </ClCompile>
    <ClCompile Include="src\entropy\scene\Playlist.cpp">
      <Filter>src\entropy\scene</Filter>
    </ClCompile>
    <ClCompile Include="src\entropy\render\PostEffects.cpp">
      <Filter>src\entropy\render</Filter>
    </ClCompile>
    <ClCompile Include="src\entropy\render\WireframeFillRenderer.cpp">
      <Filter>src\entropy\render</Filter>
    </ClCompile>
    <ClCompile Include="src\entropy\geom\Box.cpp">
      <Filter>src\entropy\geom</Filter>
    </ClCompile>
    <ClCompile Include="..\..\addons\ofxVolumetrics\src\ofxTexture.cpp">
      <Filter>addons\ofxVolumetrics\src</Filter>
    </ClCompile>
    <ClCompile Include="..\..\addons\ofxVolumetrics\src\ofxTexture2d.cpp">
      <Filter>addons\ofxVolumetrics\src</Filter>
    </ClCompile>
    <ClCompile Include="..\..\addons\ofxVolumetrics\src\ofxTexture3d.cpp">
      <Filter>addons\ofxVolumetrics\src</Filter>
    </ClCompile>
    <ClCompile Include="..\..\addons\ofxVolumetrics\src\ofxTextureArray.cpp">
      <Filter>addons\ofxVolumetrics\src</Filter>
    </ClCompile>
    <ClCompile Include="..\..\addons\ofxVolumetrics\src\ofxVolumetrics.cpp">
      <Filter>addons\ofxVolumetrics\src</Filter>
    </ClCompile>
    <ClCompile Include="..\..\addons\ofxVolumetrics\src\ofxVolumetrics3D.cpp">
      <Filter>addons\ofxVolumetrics\src</Filter>
    </ClCompile>
    <ClCompile Include="..\..\addons\ofxVolumetrics\src\ofxVolumetricsArray.cpp">
      <Filter>addons\ofxVolumetrics\src</Filter>
    </ClCompile>
    <ClCompile Include="src\entropy\geom\Sphere.cpp">
      <Filter>src\entropy\geom</Filter>
    </ClCompile>
    <ClCompile Include="src\entropy\geom\Shape.cpp">
      <Filter>src\entropy\geom</Filter>
    </ClCompile>
    <ClCompile Include="src\entropy\world\Camera.cpp">
      <Filter>src\entropy\world</Filter>
    </ClCompile>
    <ClCompile Include="..\..\..\libs\openFrameworks\video\ofGstUtils.cpp">
      <Filter>addons\ofxGStreamer\src</Filter>
    </ClCompile>
    <ClCompile Include="..\..\..\libs\openFrameworks\video\ofGstVideoGrabber.cpp">
      <Filter>addons\ofxGStreamer\src</Filter>
    </ClCompile>
    <ClCompile Include="..\..\..\libs\openFrameworks\video\ofGstVideoPlayer.cpp">
      <Filter>addons\ofxGStreamer\src</Filter>
    </ClCompile>
    <ClCompile Include="src\entropy\popup\Sound.cpp">
      <Filter>src\entropy\popup</Filter>
    </ClCompile>
    <ClCompile Include="src\entropy\render\BlobMask.cpp">
      <Filter>src\entropy\render</Filter>
    </ClCompile>
  </ItemGroup>
  <ItemGroup>
    <Filter Include="addons">
      <UniqueIdentifier>{fef411dc-7870-41fd-a413-d132922439bb}</UniqueIdentifier>
    </Filter>
    <Filter Include="addons\ofxImGui">
      <UniqueIdentifier>{2fdd5bc5-b1c2-4ea4-93af-f0eb3921f75c}</UniqueIdentifier>
    </Filter>
    <Filter Include="addons\ofxImGui\src">
      <UniqueIdentifier>{75171a50-e530-487c-b550-168af8634f31}</UniqueIdentifier>
    </Filter>
    <Filter Include="addons\ofxImGui\libs">
      <UniqueIdentifier>{d0a77c2e-1e34-4837-bc98-806e516a6d60}</UniqueIdentifier>
    </Filter>
    <Filter Include="addons\ofxImGui\libs\imgui">
      <UniqueIdentifier>{fac0dec4-428b-4161-a090-f1532b887a9b}</UniqueIdentifier>
    </Filter>
    <Filter Include="addons\ofxImGui\libs\imgui\src">
      <UniqueIdentifier>{edb91414-bf8c-4939-973b-8b9d9c4ead0b}</UniqueIdentifier>
    </Filter>
    <Filter Include="addons\ofxPreset">
      <UniqueIdentifier>{2f841b8f-565b-4686-b38f-04c619dbbc78}</UniqueIdentifier>
    </Filter>
    <Filter Include="addons\ofxPreset\src">
      <UniqueIdentifier>{ee138238-c978-4d7d-8288-408ef969dc5f}</UniqueIdentifier>
    </Filter>
    <Filter Include="addons\ofxPreset\src\ofxPreset">
      <UniqueIdentifier>{ba9d0806-0b3b-4e05-ab6b-4e9bb3a01287}</UniqueIdentifier>
    </Filter>
    <Filter Include="addons\ofxRange">
      <UniqueIdentifier>{15fc893a-60a9-41c6-b483-3048c61af9e4}</UniqueIdentifier>
    </Filter>
    <Filter Include="addons\ofxMSATimer">
      <UniqueIdentifier>{cc343969-8d58-4f37-aac1-d3e5ec431a6d}</UniqueIdentifier>
    </Filter>
    <Filter Include="addons\ofxMSATimer\src">
      <UniqueIdentifier>{db32c3d1-4f68-4a87-9363-91b5f7db046d}</UniqueIdentifier>
    </Filter>
    <Filter Include="addons\ofxRange\src">
      <UniqueIdentifier>{10c13eba-c18f-4af3-be07-6e3c9537a727}</UniqueIdentifier>
    </Filter>
    <Filter Include="addons\ofxTextInputField">
      <UniqueIdentifier>{e09a5042-4030-43a1-9b78-74c10cabd8d4}</UniqueIdentifier>
    </Filter>
    <Filter Include="addons\ofxTextInputField\src">
      <UniqueIdentifier>{bafb311d-6499-42b0-b77d-31a030b854db}</UniqueIdentifier>
    </Filter>
    <Filter Include="addons\ofxTimecode">
      <UniqueIdentifier>{c0bafa94-4b56-4cce-a29c-d95f9965c772}</UniqueIdentifier>
    </Filter>
    <Filter Include="addons\ofxTimecode\src">
      <UniqueIdentifier>{4cc3146e-6b0a-47b4-bc0d-0344cffa4f05}</UniqueIdentifier>
    </Filter>
    <Filter Include="addons\ofxTimeline">
      <UniqueIdentifier>{3a6c7c20-6d4a-4993-887c-934f681b1c00}</UniqueIdentifier>
    </Filter>
    <Filter Include="addons\ofxTimeline\src">
      <UniqueIdentifier>{ba39eb3f-7141-4407-ab90-e3ec6a16e427}</UniqueIdentifier>
    </Filter>
    <Filter Include="addons\ofxTween">
      <UniqueIdentifier>{cc4b727b-0cee-481d-9185-bf67cc66f387}</UniqueIdentifier>
    </Filter>
    <Filter Include="addons\ofxTween\src">
      <UniqueIdentifier>{c51242ac-9a3e-43ab-b7ce-204ffbfd73b4}</UniqueIdentifier>
    </Filter>
    <Filter Include="addons\ofxTween\src\Easings">
      <UniqueIdentifier>{708a2120-06dc-4886-ab30-47ed9086c869}</UniqueIdentifier>
    </Filter>
    <Filter Include="addons\ofxXmlSettings">
      <UniqueIdentifier>{9760f113-ce5b-45a0-b6f6-474d2882ebe7}</UniqueIdentifier>
    </Filter>
    <Filter Include="addons\ofxXmlSettings\src">
      <UniqueIdentifier>{5b90b69a-aef0-4ac5-a743-9950fe3beaa6}</UniqueIdentifier>
    </Filter>
    <Filter Include="addons\ofxXmlSettings\libs">
      <UniqueIdentifier>{5889c82a-df17-40b7-8c9e-c5cd89f63ac3}</UniqueIdentifier>
    </Filter>
    <Filter Include="src">
      <UniqueIdentifier>{d8376475-7454-4a24-b08a-aac121d3ad6f}</UniqueIdentifier>
    </Filter>
    <Filter Include="src\entropy">
      <UniqueIdentifier>{e0a4ff83-1a13-4f2e-8421-cb35e578d0e7}</UniqueIdentifier>
    </Filter>
    <Filter Include="src\entropy\scene">
      <UniqueIdentifier>{52e7fd66-bbe3-4c68-9999-25e4c0f6ff92}</UniqueIdentifier>
    </Filter>
    <Filter Include="src\entropy\render">
      <UniqueIdentifier>{c5aa1753-3347-4494-8404-7180924e0b65}</UniqueIdentifier>
    </Filter>
    <Filter Include="src\entropy\util">
      <UniqueIdentifier>{68525d5f-fa32-44f4-aabe-d53e252fd0c8}</UniqueIdentifier>
    </Filter>
    <Filter Include="addons\ofxWarp">
      <UniqueIdentifier>{6e1c5308-09ba-4873-9e9a-48bece1c072b}</UniqueIdentifier>
    </Filter>
    <Filter Include="addons\ofxWarp\src">
      <UniqueIdentifier>{cc65c139-e71f-4be3-b18d-2040706b3c46}</UniqueIdentifier>
    </Filter>
    <Filter Include="addons\ofxWarp\src\ofxWarp">
      <UniqueIdentifier>{7a5a0808-d166-4f50-a372-c1b371b0ee5b}</UniqueIdentifier>
    </Filter>
    <Filter Include="src\entropy\popup">
      <UniqueIdentifier>{55190f11-fd57-451d-a04b-d8fd42041720}</UniqueIdentifier>
    </Filter>
    <Filter Include="addons\ofxTextureRecorder">
      <UniqueIdentifier>{04d7a06e-5490-4949-9aa5-8890895a142b}</UniqueIdentifier>
    </Filter>
    <Filter Include="addons\ofxTextureRecorder\src">
      <UniqueIdentifier>{9179d57c-49ed-4789-8125-f06018bf5c7d}</UniqueIdentifier>
    </Filter>
    <Filter Include="shaders">
      <UniqueIdentifier>{732ef84a-8548-4ef3-baa9-f73897f2081d}</UniqueIdentifier>
    </Filter>
    <Filter Include="shaders\entropy">
      <UniqueIdentifier>{ccc3b83f-5325-4ba1-a2bd-e9ecbd7123ec}</UniqueIdentifier>
    </Filter>
    <Filter Include="shaders\entropy\render">
      <UniqueIdentifier>{5db10052-74e3-4216-8df2-30b05aa6b281}</UniqueIdentifier>
    </Filter>
    <Filter Include="addons\ofxWMFVideoPlayer">
      <UniqueIdentifier>{bd77149a-153e-40d3-b933-402b9268fdd9}</UniqueIdentifier>
    </Filter>
    <Filter Include="addons\ofxWMFVideoPlayer\src">
      <UniqueIdentifier>{f52cea8d-8bc4-49e9-acd9-f35f9a22a072}</UniqueIdentifier>
    </Filter>
    <Filter Include="addons\ofxWMFVideoPlayer\src\presenter">
      <UniqueIdentifier>{5f9d4922-241b-4c4f-a954-cd9c240426c7}</UniqueIdentifier>
    </Filter>
    <Filter Include="addons\ofxWMFVideoPlayer\src\presenter\common">
      <UniqueIdentifier>{843134c6-832a-42c2-803d-7a8406802cd2}</UniqueIdentifier>
    </Filter>
    <Filter Include="shaders\entropy\render\PostEffects">
      <UniqueIdentifier>{7933b13a-66ff-4ca8-b318-1678fbff4cb8}</UniqueIdentifier>
    </Filter>
    <Filter Include="shaders\entropy\render\PostEffects\inc">
      <UniqueIdentifier>{e910e8ae-55f9-4463-90c1-bac65b4902d0}</UniqueIdentifier>
    </Filter>
    <Filter Include="src\entropy\geom">
      <UniqueIdentifier>{6b7df1e4-cb17-4d92-8ddc-cceb837e3ae4}</UniqueIdentifier>
    </Filter>
    <Filter Include="addons\ofxVolumetrics">
      <UniqueIdentifier>{dc728673-aaad-4f5a-bae3-f3c1c9524370}</UniqueIdentifier>
    </Filter>
    <Filter Include="addons\ofxVolumetrics\src">
      <UniqueIdentifier>{5e685cd0-0d54-48cd-b2c7-eff3eac0297b}</UniqueIdentifier>
    </Filter>
    <Filter Include="addons\ofxVolumetrics\src\shaders">
      <UniqueIdentifier>{9dcd63d0-86cf-4892-8a68-d33772c769ee}</UniqueIdentifier>
    </Filter>
    <Filter Include="src\entropy\world">
      <UniqueIdentifier>{337981ee-3209-4164-a92b-de9ccaa2f1a3}</UniqueIdentifier>
    </Filter>
    <Filter Include="addons\ofxGStreamer">
      <UniqueIdentifier>{56209b37-eeff-4ee3-8b72-58623e69e69f}</UniqueIdentifier>
    </Filter>
    <Filter Include="addons\ofxGStreamer\src">
      <UniqueIdentifier>{e16930f0-21ff-40d1-a5fd-6b325403b42b}</UniqueIdentifier>
    </Filter>
  </ItemGroup>
  <ItemGroup>
    <ClInclude Include="src\entropy\scene\Base.h">
      <Filter>src\entropy\scene</Filter>
    </ClInclude>
    <ClInclude Include="src\entropy\render\Canvas.h">
      <Filter>src\entropy\render</Filter>
    </ClInclude>
    <ClInclude Include="src\entropy\util\Singleton.h">
      <Filter>src\entropy\util</Filter>
    </ClInclude>
    <ClInclude Include="src\entropy\util\App.h">
      <Filter>src\entropy\util</Filter>
    </ClInclude>
    <ClInclude Include="src\entropy\Helpers.h">
      <Filter>src\entropy</Filter>
    </ClInclude>
    <ClInclude Include="src\entropy\util\Mapping.h">
      <Filter>src\entropy\util</Filter>
    </ClInclude>
    <ClInclude Include="..\..\addons\ofxImGui\libs\imgui\src\imgui.h">
      <Filter>addons\ofxImGui\libs\imgui\src</Filter>
    </ClInclude>
    <ClInclude Include="..\..\addons\ofxImGui\libs\imgui\src\imgui_internal.h">
      <Filter>addons\ofxImGui\libs\imgui\src</Filter>
    </ClInclude>
    <ClInclude Include="..\..\addons\ofxImGui\libs\imgui\src\stb_rect_pack.h">
      <Filter>addons\ofxImGui\libs\imgui\src</Filter>
    </ClInclude>
    <ClInclude Include="..\..\addons\ofxImGui\libs\imgui\src\stb_textedit.h">
      <Filter>addons\ofxImGui\libs\imgui\src</Filter>
    </ClInclude>
    <ClInclude Include="..\..\addons\ofxImGui\libs\imgui\src\stb_truetype.h">
      <Filter>addons\ofxImGui\libs\imgui\src</Filter>
    </ClInclude>
    <ClInclude Include="..\..\addons\ofxImGui\src\ofxImGui.h">
      <Filter>addons\ofxImGui\src</Filter>
    </ClInclude>
    <ClInclude Include="..\..\addons\ofxImGui\src\ThemeTest.h">
      <Filter>addons\ofxImGui\src</Filter>
    </ClInclude>
    <ClInclude Include="..\..\addons\ofxImGui\src\BaseEngine.h">
      <Filter>addons\ofxImGui\src</Filter>
    </ClInclude>
    <ClInclude Include="..\..\addons\ofxImGui\src\BaseTheme.h">
      <Filter>addons\ofxImGui\src</Filter>
    </ClInclude>
    <ClInclude Include="..\..\addons\ofxImGui\src\EngineGLFW.h">
      <Filter>addons\ofxImGui\src</Filter>
    </ClInclude>
    <ClInclude Include="..\..\addons\ofxImGui\src\EngineOpenGLES.h">
      <Filter>addons\ofxImGui\src</Filter>
    </ClInclude>
    <ClInclude Include="..\..\addons\ofxImGui\src\imconfig.h">
      <Filter>addons\ofxImGui\src</Filter>
    </ClInclude>
    <ClInclude Include="..\..\addons\ofxMSATimer\src\ofxMSATimer.h">
      <Filter>addons\ofxMSATimer\src</Filter>
    </ClInclude>
    <ClInclude Include="..\..\addons\ofxPreset\src\ofxPreset.h">
      <Filter>addons\ofxPreset\src</Filter>
    </ClInclude>
    <ClInclude Include="..\..\addons\ofxPreset\src\ofxPreset\Gui.h">
      <Filter>addons\ofxPreset\src\ofxPreset</Filter>
    </ClInclude>
    <ClInclude Include="..\..\addons\ofxPreset\src\ofxPreset\Serializer.h">
      <Filter>addons\ofxPreset\src\ofxPreset</Filter>
    </ClInclude>
    <ClInclude Include="..\..\addons\ofxRange\src\ofRange.h">
      <Filter>addons\ofxRange\src</Filter>
    </ClInclude>
    <ClInclude Include="..\..\addons\ofxTextInputField\src\ofxTextInputField.h">
      <Filter>addons\ofxTextInputField\src</Filter>
    </ClInclude>
    <ClInclude Include="..\..\addons\ofxTimecode\src\ofxTimecode.h">
      <Filter>addons\ofxTimecode\src</Filter>
    </ClInclude>
    <ClInclude Include="..\..\addons\ofxTween\src\ofxTween.h">
      <Filter>addons\ofxTween\src</Filter>
    </ClInclude>
    <ClInclude Include="..\..\addons\ofxTween\src\Easings\ofxEasing.h">
      <Filter>addons\ofxTween\src\Easings</Filter>
    </ClInclude>
    <ClInclude Include="..\..\addons\ofxTween\src\Easings\ofxEasingBack.h">
      <Filter>addons\ofxTween\src\Easings</Filter>
    </ClInclude>
    <ClInclude Include="..\..\addons\ofxTween\src\Easings\ofxEasingBounce.h">
      <Filter>addons\ofxTween\src\Easings</Filter>
    </ClInclude>
    <ClInclude Include="..\..\addons\ofxTween\src\Easings\ofxEasingCirc.h">
      <Filter>addons\ofxTween\src\Easings</Filter>
    </ClInclude>
    <ClInclude Include="..\..\addons\ofxTween\src\Easings\ofxEasingCubic.h">
      <Filter>addons\ofxTween\src\Easings</Filter>
    </ClInclude>
    <ClInclude Include="..\..\addons\ofxTween\src\Easings\ofxEasingElastic.h">
      <Filter>addons\ofxTween\src\Easings</Filter>
    </ClInclude>
    <ClInclude Include="..\..\addons\ofxTween\src\Easings\ofxEasingExpo.h">
      <Filter>addons\ofxTween\src\Easings</Filter>
    </ClInclude>
    <ClInclude Include="..\..\addons\ofxTween\src\Easings\ofxEasingLinear.h">
      <Filter>addons\ofxTween\src\Easings</Filter>
    </ClInclude>
    <ClInclude Include="..\..\addons\ofxTween\src\Easings\ofxEasingQuad.h">
      <Filter>addons\ofxTween\src\Easings</Filter>
    </ClInclude>
    <ClInclude Include="..\..\addons\ofxTween\src\Easings\ofxEasingQuart.h">
      <Filter>addons\ofxTween\src\Easings</Filter>
    </ClInclude>
    <ClInclude Include="..\..\addons\ofxTween\src\Easings\ofxEasingQuint.h">
      <Filter>addons\ofxTween\src\Easings</Filter>
    </ClInclude>
    <ClInclude Include="..\..\addons\ofxTween\src\Easings\ofxEasingSine.h">
      <Filter>addons\ofxTween\src\Easings</Filter>
    </ClInclude>
    <ClInclude Include="..\..\addons\ofxWarp\src\ofxWarp.h">
      <Filter>addons\ofxWarp</Filter>
    </ClInclude>
    <ClInclude Include="..\..\addons\ofxWarp\src\ofxWarp\WarpBilinear.h">
      <Filter>addons\ofxWarp\src\ofxWarp</Filter>
    </ClInclude>
    <ClInclude Include="..\..\addons\ofxWarp\src\ofxWarp\WarpPerspective.h">
      <Filter>addons\ofxWarp\src\ofxWarp</Filter>
    </ClInclude>
    <ClInclude Include="..\..\addons\ofxWarp\src\ofxWarp\WarpPerspectiveBilinear.h">
      <Filter>addons\ofxWarp\src\ofxWarp</Filter>
    </ClInclude>
    <ClInclude Include="..\..\addons\ofxWarp\src\ofxWarp\Controller.h">
      <Filter>addons\ofxWarp\src\ofxWarp</Filter>
    </ClInclude>
    <ClInclude Include="..\..\addons\ofxWarp\src\ofxWarp\WarpBase.h">
      <Filter>addons\ofxWarp\src\ofxWarp</Filter>
    </ClInclude>
    <ClInclude Include="..\..\addons\ofxTimeline\src\ofxTLZoomer.h">
      <Filter>addons\ofxTimeline\src</Filter>
    </ClInclude>
    <ClInclude Include="..\..\addons\ofxTimeline\src\ofxHotKeys.h">
      <Filter>addons\ofxTimeline\src</Filter>
    </ClInclude>
    <ClInclude Include="..\..\addons\ofxTimeline\src\ofxRemoveCocoaMenu.h">
      <Filter>addons\ofxTimeline\src</Filter>
    </ClInclude>
    <ClInclude Include="..\..\addons\ofxTimeline\src\ofxTimeline.h">
      <Filter>addons\ofxTimeline\src</Filter>
    </ClInclude>
    <ClInclude Include="..\..\addons\ofxTimeline\src\ofxTLBangs.h">
      <Filter>addons\ofxTimeline\src</Filter>
    </ClInclude>
    <ClInclude Include="..\..\addons\ofxTimeline\src\ofxTLCameraTrack.h">
      <Filter>addons\ofxTimeline\src</Filter>
    </ClInclude>
    <ClInclude Include="..\..\addons\ofxTimeline\src\ofxTLColors.h">
      <Filter>addons\ofxTimeline\src</Filter>
    </ClInclude>
    <ClInclude Include="..\..\addons\ofxTimeline\src\ofxTLColorTrack.h">
      <Filter>addons\ofxTimeline\src</Filter>
    </ClInclude>
    <ClInclude Include="..\..\addons\ofxTimeline\src\ofxTLCurves.h">
      <Filter>addons\ofxTimeline\src</Filter>
    </ClInclude>
    <ClInclude Include="..\..\addons\ofxTimeline\src\ofxTLEmptyKeyframes.h">
      <Filter>addons\ofxTimeline\src</Filter>
    </ClInclude>
    <ClInclude Include="..\..\addons\ofxTimeline\src\ofxTLEmptyTrack.h">
      <Filter>addons\ofxTimeline\src</Filter>
    </ClInclude>
    <ClInclude Include="..\..\addons\ofxTimeline\src\ofxTLEvents.h">
      <Filter>addons\ofxTimeline\src</Filter>
    </ClInclude>
    <ClInclude Include="..\..\addons\ofxTimeline\src\ofxTLFlags.h">
      <Filter>addons\ofxTimeline\src</Filter>
    </ClInclude>
    <ClInclude Include="..\..\addons\ofxTimeline\src\ofxTLImageSequence.h">
      <Filter>addons\ofxTimeline\src</Filter>
    </ClInclude>
    <ClInclude Include="..\..\addons\ofxTimeline\src\ofxTLImageSequenceFrame.h">
      <Filter>addons\ofxTimeline\src</Filter>
    </ClInclude>
    <ClInclude Include="..\..\addons\ofxTimeline\src\ofxTLImageTrack.h">
      <Filter>addons\ofxTimeline\src</Filter>
    </ClInclude>
    <ClInclude Include="..\..\addons\ofxTimeline\src\ofxTLInOut.h">
      <Filter>addons\ofxTimeline\src</Filter>
    </ClInclude>
    <ClInclude Include="..\..\addons\ofxTimeline\src\ofxTLKeyframes.h">
      <Filter>addons\ofxTimeline\src</Filter>
    </ClInclude>
    <ClInclude Include="..\..\addons\ofxTimeline\src\ofxTLLFO.h">
      <Filter>addons\ofxTimeline\src</Filter>
    </ClInclude>
    <ClInclude Include="..\..\addons\ofxTimeline\src\ofxTLPage.h">
      <Filter>addons\ofxTimeline\src</Filter>
    </ClInclude>
    <ClInclude Include="..\..\addons\ofxTimeline\src\ofxTLPageTabs.h">
      <Filter>addons\ofxTimeline\src</Filter>
    </ClInclude>
    <ClInclude Include="..\..\addons\ofxTimeline\src\ofxTLSwitches.h">
      <Filter>addons\ofxTimeline\src</Filter>
    </ClInclude>
    <ClInclude Include="..\..\addons\ofxTimeline\src\ofxTLTicker.h">
      <Filter>addons\ofxTimeline\src</Filter>
    </ClInclude>
    <ClInclude Include="..\..\addons\ofxTimeline\src\ofxTLTrack.h">
      <Filter>addons\ofxTimeline\src</Filter>
    </ClInclude>
    <ClInclude Include="..\..\addons\ofxTimeline\src\ofxTLTrackHeader.h">
      <Filter>addons\ofxTimeline\src</Filter>
    </ClInclude>
    <ClInclude Include="..\..\addons\ofxTimeline\src\ofxTLVideoThumb.h">
      <Filter>addons\ofxTimeline\src</Filter>
    </ClInclude>
    <ClInclude Include="..\..\addons\ofxTimeline\src\ofxTLVideoTrack.h">
      <Filter>addons\ofxTimeline\src</Filter>
    </ClInclude>
    <ClInclude Include="..\..\..\addons\ofxXmlSettings\libs\tinyxml.h">
      <Filter>addons\ofxXmlSettings\libs</Filter>
    </ClInclude>
    <ClInclude Include="..\..\..\addons\ofxXmlSettings\src\ofxXmlSettings.h">
      <Filter>addons\ofxXmlSettings\src</Filter>
    </ClInclude>
    <ClInclude Include="src\entropy\util\GLError.h">
      <Filter>src\entropy\util</Filter>
    </ClInclude>
    <ClInclude Include="src\entropy\popup\Base.h">
      <Filter>src\entropy\popup</Filter>
    </ClInclude>
    <ClInclude Include="src\entropy\popup\Image.h">
      <Filter>src\entropy\popup</Filter>
    </ClInclude>
    <ClInclude Include="..\..\addons\ofxTextureRecorder\src\ofxTextureRecorder.h">
      <Filter>addons\ofxTextureRecorder\src</Filter>
    </ClInclude>
    <ClInclude Include="..\..\addons\ofxWMFVideoPlayer\src\ofxWMFVideoPlayer.h">
      <Filter>addons\ofxWMFVideoPlayer\src</Filter>
    </ClInclude>
    <ClInclude Include="..\..\addons\ofxWMFVideoPlayer\src\ofxWMFVideoPlayerUtils.h">
      <Filter>addons\ofxWMFVideoPlayer\src</Filter>
    </ClInclude>
    <ClInclude Include="..\..\addons\ofxWMFVideoPlayer\src\presenter\EVRPresenter.h">
      <Filter>addons\ofxWMFVideoPlayer\src\presenter</Filter>
    </ClInclude>
    <ClInclude Include="..\..\addons\ofxWMFVideoPlayer\src\presenter\EVRPresenterUuid.h">
      <Filter>addons\ofxWMFVideoPlayer\src\presenter</Filter>
    </ClInclude>
    <ClInclude Include="..\..\addons\ofxWMFVideoPlayer\src\presenter\Helpers.h">
      <Filter>addons\ofxWMFVideoPlayer\src\presenter</Filter>
    </ClInclude>
    <ClInclude Include="..\..\addons\ofxWMFVideoPlayer\src\presenter\PresentEngine.h">
      <Filter>addons\ofxWMFVideoPlayer\src\presenter</Filter>
    </ClInclude>
    <ClInclude Include="..\..\addons\ofxWMFVideoPlayer\src\presenter\Presenter.h">
      <Filter>addons\ofxWMFVideoPlayer\src\presenter</Filter>
    </ClInclude>
    <ClInclude Include="..\..\addons\ofxWMFVideoPlayer\src\presenter\scheduler.h">
      <Filter>addons\ofxWMFVideoPlayer\src\presenter</Filter>
    </ClInclude>
    <ClInclude Include="..\..\addons\ofxWMFVideoPlayer\src\presenter\common\AsyncCB.h">
      <Filter>addons\ofxWMFVideoPlayer\src\presenter\common</Filter>
    </ClInclude>
    <ClInclude Include="..\..\addons\ofxWMFVideoPlayer\src\presenter\common\BufferLock.h">
      <Filter>addons\ofxWMFVideoPlayer\src\presenter\common</Filter>
    </ClInclude>
    <ClInclude Include="..\..\addons\ofxWMFVideoPlayer\src\presenter\common\ClassFactory.h">
      <Filter>addons\ofxWMFVideoPlayer\src\presenter\common</Filter>
    </ClInclude>
    <ClInclude Include="..\..\addons\ofxWMFVideoPlayer\src\presenter\common\common.h">
      <Filter>addons\ofxWMFVideoPlayer\src\presenter\common</Filter>
    </ClInclude>
    <ClInclude Include="..\..\addons\ofxWMFVideoPlayer\src\presenter\common\critsec.h">
      <Filter>addons\ofxWMFVideoPlayer\src\presenter\common</Filter>
    </ClInclude>
    <ClInclude Include="..\..\addons\ofxWMFVideoPlayer\src\presenter\common\GrowArray.h">
      <Filter>addons\ofxWMFVideoPlayer\src\presenter\common</Filter>
    </ClInclude>
    <ClInclude Include="..\..\addons\ofxWMFVideoPlayer\src\presenter\common\linklist.h">
      <Filter>addons\ofxWMFVideoPlayer\src\presenter\common</Filter>
    </ClInclude>
    <ClInclude Include="..\..\addons\ofxWMFVideoPlayer\src\presenter\common\logging.h">
      <Filter>addons\ofxWMFVideoPlayer\src\presenter\common</Filter>
    </ClInclude>
    <ClInclude Include="..\..\addons\ofxWMFVideoPlayer\src\presenter\common\logmediatype.h">
      <Filter>addons\ofxWMFVideoPlayer\src\presenter\common</Filter>
    </ClInclude>
    <ClInclude Include="..\..\addons\ofxWMFVideoPlayer\src\presenter\common\mediatype.h">
      <Filter>addons\ofxWMFVideoPlayer\src\presenter\common</Filter>
    </ClInclude>
    <ClInclude Include="..\..\addons\ofxWMFVideoPlayer\src\presenter\common\mfutils.h">
      <Filter>addons\ofxWMFVideoPlayer\src\presenter\common</Filter>
    </ClInclude>
    <ClInclude Include="..\..\addons\ofxWMFVideoPlayer\src\presenter\common\PropVar.h">
      <Filter>addons\ofxWMFVideoPlayer\src\presenter\common</Filter>
    </ClInclude>
    <ClInclude Include="..\..\addons\ofxWMFVideoPlayer\src\presenter\common\registry.h">
      <Filter>addons\ofxWMFVideoPlayer\src\presenter\common</Filter>
    </ClInclude>
    <ClInclude Include="..\..\addons\ofxWMFVideoPlayer\src\presenter\common\TinyMap.h">
      <Filter>addons\ofxWMFVideoPlayer\src\presenter\common</Filter>
    </ClInclude>
    <ClInclude Include="..\..\addons\ofxWMFVideoPlayer\src\presenter\common\trace.h">
      <Filter>addons\ofxWMFVideoPlayer\src\presenter\common</Filter>
    </ClInclude>
    <ClInclude Include="src\entropy\popup\Video.h">
      <Filter>src\entropy\popup</Filter>
    </ClInclude>
    <ClInclude Include="src\entropy\render\Layout.h">
      <Filter>src\entropy\render</Filter>
    </ClInclude>
    <ClInclude Include="src\entropy\scene\Playlist.h">
      <Filter>src\entropy\scene</Filter>
    </ClInclude>
    <ClInclude Include="src\entropy\render\PostEffects.h">
      <Filter>src\entropy\render</Filter>
    </ClInclude>
    <ClInclude Include="src\entropy\render\WireframeFillRenderer.h">
      <Filter>src\entropy\render</Filter>
    </ClInclude>
    <ClInclude Include="src\entropy\geom\Box.h">
      <Filter>src\entropy\geom</Filter>
    </ClInclude>
    <ClInclude Include="..\..\addons\ofxVolumetrics\src\ofxImageSequencePlayer.h">
      <Filter>addons\ofxVolumetrics\src</Filter>
    </ClInclude>
    <ClInclude Include="..\..\addons\ofxVolumetrics\src\ofxTexture.h">
      <Filter>addons\ofxVolumetrics\src</Filter>
    </ClInclude>
    <ClInclude Include="..\..\addons\ofxVolumetrics\src\ofxTexture2d.h">
      <Filter>addons\ofxVolumetrics\src</Filter>
    </ClInclude>
    <ClInclude Include="..\..\addons\ofxVolumetrics\src\ofxTexture3d.h">
      <Filter>addons\ofxVolumetrics\src</Filter>
    </ClInclude>
    <ClInclude Include="..\..\addons\ofxVolumetrics\src\ofxTextureArray.h">
      <Filter>addons\ofxVolumetrics\src</Filter>
    </ClInclude>
    <ClInclude Include="..\..\addons\ofxVolumetrics\src\ofxVolumetrics.h">
      <Filter>addons\ofxVolumetrics\src</Filter>
    </ClInclude>
    <ClInclude Include="..\..\addons\ofxVolumetrics\src\ofxVolumetrics3D.h">
      <Filter>addons\ofxVolumetrics\src</Filter>
    </ClInclude>
    <ClInclude Include="..\..\addons\ofxVolumetrics\src\ofxVolumetricsArray.h">
      <Filter>addons\ofxVolumetrics\src</Filter>
    </ClInclude>
    <ClInclude Include="src\entropy\geom\Sphere.h">
      <Filter>src\entropy\geom</Filter>
    </ClInclude>
    <ClInclude Include="src\entropy\geom\Shape.h">
      <Filter>src\entropy\geom</Filter>
    </ClInclude>
    <ClInclude Include="src\entropy\world\Camera.h">
      <Filter>src\entropy\world</Filter>
    </ClInclude>
    <ClInclude Include="..\..\..\libs\openFrameworks\video\ofGstUtils.h">
      <Filter>addons\ofxGStreamer\src</Filter>
    </ClInclude>
    <ClInclude Include="..\..\..\libs\openFrameworks\video\ofGstVideoGrabber.h">
      <Filter>addons\ofxGStreamer\src</Filter>
    </ClInclude>
    <ClInclude Include="..\..\..\libs\openFrameworks\video\ofGstVideoPlayer.h">
      <Filter>addons\ofxGStreamer\src</Filter>
    </ClInclude>
    <ClInclude Include="src\entropy\popup\Sound.h">
      <Filter>src\entropy\popup</Filter>
    </ClInclude>
    <ClInclude Include="src\entropy\render\BlobMask.h">
      <Filter>src\entropy\render</Filter>
    </ClInclude>
  </ItemGroup>
  <ItemGroup>
    <None Include="src\entropy\util\Mapping.inl">
      <Filter>src\entropy\util</Filter>
    </None>
    <None Include="..\..\addons\ofxPreset\src\ofxPreset\Serializer.inl">
      <Filter>addons\ofxPreset\src\ofxPreset</Filter>
    </None>
    <None Include="..\..\addons\ofxPreset\src\ofxPreset\Gui.inl">
      <Filter>addons\ofxPreset\src\ofxPreset</Filter>
    </None>
    <None Include="..\..\Resources\data\entropy\render\PostEffects\shaders\inc\math.glsl">
      <Filter>shaders\entropy\render\PostEffects\inc</Filter>
    </None>
    <None Include="..\..\Resources\data\entropy\render\PostEffects\shaders\inc\ofDefaultUniforms.glsl">
      <Filter>shaders\entropy\render\PostEffects\inc</Filter>
    </None>
    <None Include="..\..\Resources\data\entropy\render\PostEffects\shaders\inc\ofDefaultVertexInAttributes.glsl">
      <Filter>shaders\entropy\render\PostEffects\inc</Filter>
    </None>
    <None Include="..\..\Resources\data\entropy\render\PostEffects\shaders\brightnessThreshold.frag">
      <Filter>shaders\entropy\render\PostEffects</Filter>
    </None>
    <None Include="..\..\Resources\data\entropy\render\PostEffects\shaders\directionalBlur.frag">
      <Filter>shaders\entropy\render\PostEffects</Filter>
    </None>
    <None Include="..\..\Resources\data\entropy\render\PostEffects\shaders\directionalBlur.vert">
      <Filter>shaders\entropy\render\PostEffects</Filter>
    </None>
    <None Include="..\..\Resources\data\entropy\render\PostEffects\shaders\frag_tonemap.glsl">
      <Filter>shaders\entropy\render\PostEffects</Filter>
    </None>
    <None Include="..\..\Resources\data\entropy\render\PostEffects\shaders\fullscreenTriangle.vert">
      <Filter>shaders\entropy\render\PostEffects</Filter>
    </None>
    <None Include="..\..\Resources\data\entropy\render\PostEffects\shaders\passthrough_vert.glsl">
      <Filter>shaders\entropy\render\PostEffects</Filter>
    </None>
    <None Include="..\..\addons\ofxVolumetrics\src\shaders\gl3\frag.glsl">
      <Filter>addons\ofxVolumetrics\src\shaders</Filter>
    </None>
    <None Include="..\..\addons\ofxVolumetrics\src\shaders\gl3\frag_array.glsl">
      <Filter>addons\ofxVolumetrics\src\shaders</Filter>
    </None>
    <None Include="..\..\addons\ofxVolumetrics\src\shaders\gl3\vert.glsl">
      <Filter>addons\ofxVolumetrics\src\shaders</Filter>
    </None>
    <None Include="..\..\addons\ofxVolumetrics\src\shaders\gl3\vert_array.glsl">
      <Filter>addons\ofxVolumetrics\src\shaders</Filter>
    </None>
  </ItemGroup>
</Project>