<?xml version="1.0" encoding="utf-8"?>
<Project ToolsVersion="4.0" xmlns="http://schemas.microsoft.com/developer/msbuild/2003">
  <ItemGroup>
    <ClCompile Include="src\ofApp.cpp">
      <Filter>src</Filter>
    </ClCompile>
    <ClCompile Include="src\main.cpp">
      <Filter>src</Filter>
    </ClCompile>
    <ClCompile Include="src\entropy\surveys\DataSet.cpp">
      <Filter>src\entropy\surveys</Filter>
    </ClCompile>
    <ClCompile Include="src\entropy\surveys\GaussianMapTexture.cpp">
      <Filter>src\entropy\surveys</Filter>
    </ClCompile>
    <ClCompile Include="src\main.cpp">
      <Filter>src</Filter>
    </ClCompile>
    <ClCompile Include="src\ofApp.cpp">
      <Filter>src</Filter>
    </ClCompile>
    <ClCompile Include="..\..\..\addons\ofxGui\src\ofxBaseGui.cpp">
      <Filter>addons\ofxGui\src</Filter>
    </ClCompile>
    <ClCompile Include="..\..\..\addons\ofxGui\src\ofxButton.cpp">
      <Filter>addons\ofxGui\src</Filter>
    </ClCompile>
    <ClCompile Include="..\..\..\addons\ofxGui\src\ofxColorPicker.cpp">
      <Filter>addons\ofxGui\src</Filter>
    </ClCompile>
    <ClCompile Include="..\..\..\addons\ofxGui\src\ofxGuiGroup.cpp">
      <Filter>addons\ofxGui\src</Filter>
    </ClCompile>
    <ClCompile Include="..\..\..\addons\ofxGui\src\ofxInputField.cpp">
      <Filter>addons\ofxGui\src</Filter>
    </ClCompile>
    <ClCompile Include="..\..\..\addons\ofxGui\src\ofxLabel.cpp">
      <Filter>addons\ofxGui\src</Filter>
    </ClCompile>
    <ClCompile Include="..\..\..\addons\ofxGui\src\ofxPanel.cpp">
      <Filter>addons\ofxGui\src</Filter>
    </ClCompile>
    <ClCompile Include="..\..\..\addons\ofxGui\src\ofxSlider.cpp">
      <Filter>addons\ofxGui\src</Filter>
    </ClCompile>
    <ClCompile Include="..\..\..\addons\ofxGui\src\ofxSliderGroup.cpp">
      <Filter>addons\ofxGui\src</Filter>
    </ClCompile>
    <ClCompile Include="..\..\..\addons\ofxGui\src\ofxToggle.cpp">
      <Filter>addons\ofxGui\src</Filter>
    </ClCompile>
    <ClCompile Include="..\..\..\addons\ofxXmlSettings\src\ofxXmlSettings.cpp">
      <Filter>addons\ofxXmlSettings\src</Filter>
    </ClCompile>
    <ClCompile Include="..\..\..\addons\ofxXmlSettings\libs\tinyxml.cpp">
      <Filter>addons\ofxXmlSettings\libs</Filter>
    </ClCompile>
    <ClCompile Include="..\..\..\addons\ofxXmlSettings\libs\tinyxmlerror.cpp">
      <Filter>addons\ofxXmlSettings\libs</Filter>
    </ClCompile>
    <ClCompile Include="..\..\..\addons\ofxXmlSettings\libs\tinyxmlparser.cpp">
      <Filter>addons\ofxXmlSettings\libs</Filter>
    </ClCompile>
    <ClCompile Include="..\..\addons\ofxHDF5\src\ofxHDF5Container.cpp">
      <Filter>local_addons\ofxHDF5\src</Filter>
    </ClCompile>
    <ClCompile Include="..\..\addons\ofxHDF5\src\ofxHDF5DataSet.cpp">
      <Filter>local_addons\ofxHDF5\src</Filter>
    </ClCompile>
    <ClCompile Include="..\..\addons\ofxHDF5\src\ofxHDF5File.cpp">
      <Filter>local_addons\ofxHDF5\src</Filter>
    </ClCompile>
    <ClCompile Include="..\..\addons\ofxHDF5\src\ofxHDF5Group.cpp">
      <Filter>local_addons\ofxHDF5\src</Filter>
    </ClCompile>
    <ClCompile Include="..\..\addons\ofxObjLoader\src\ofxObjLoader.cpp">
      <Filter>local_addons\ofxObjLoader\src</Filter>
    </ClCompile>
    <ClCompile Include="..\..\addons\ofxObjLoader\libs\glm.c">
      <Filter>local_addons\ofxObjLoader\libs</Filter>
    </ClCompile>
    <ClCompile Include="..\..\addons\ofxTextInputField\src\ofxTextInputField.cpp">
      <Filter>local_addons\ofxTextInputField\src</Filter>
    </ClCompile>
    <ClCompile Include="..\..\addons\ofxTextureRecorder\src\ofxTextureRecorder.cpp">
      <Filter>local_addons\ofxTextureRecorder\src</Filter>
    </ClCompile>
    <ClCompile Include="..\..\addons\ofxTimecode\src\ofxTimecode.cpp">
      <Filter>local_addons\ofxTimecode\src</Filter>
    </ClCompile>
    <ClCompile Include="..\..\addons\ofxTimeline\src\ofxHotKeys_impl_linux.cpp">
      <Filter>local_addons\ofxTimeline\src</Filter>
    </ClCompile>
    <ClCompile Include="..\..\addons\ofxTimeline\src\ofxHotKeys_impl_mac.mm">
      <Filter>local_addons\ofxTimeline\src</Filter>
    </ClCompile>
    <ClCompile Include="..\..\addons\ofxTimeline\src\ofxHotKeys_impl_win.cpp">
      <Filter>local_addons\ofxTimeline\src</Filter>
    </ClCompile>
    <ClCompile Include="..\..\addons\ofxTimeline\src\ofxRemoveCocoaMenu.mm">
      <Filter>local_addons\ofxTimeline\src</Filter>
    </ClCompile>
    <ClCompile Include="..\..\addons\ofxTimeline\src\ofxTimeline.cpp">
      <Filter>local_addons\ofxTimeline\src</Filter>
    </ClCompile>
    <ClCompile Include="..\..\addons\ofxTimeline\src\ofxTLAudioTrack.cpp">
      <Filter>local_addons\ofxTimeline\src</Filter>
    </ClCompile>
    <ClCompile Include="..\..\addons\ofxTimeline\src\ofxTLBangs.cpp">
      <Filter>local_addons\ofxTimeline\src</Filter>
    </ClCompile>
    <ClCompile Include="..\..\addons\ofxTimeline\src\ofxTLCameraTrack.cpp">
      <Filter>local_addons\ofxTimeline\src</Filter>
    </ClCompile>
    <ClCompile Include="..\..\addons\ofxTimeline\src\ofxTLColors.cpp">
      <Filter>local_addons\ofxTimeline\src</Filter>
    </ClCompile>
    <ClCompile Include="..\..\addons\ofxTimeline\src\ofxTLColorTrack.cpp">
      <Filter>local_addons\ofxTimeline\src</Filter>
    </ClCompile>
    <ClCompile Include="..\..\addons\ofxTimeline\src\ofxTLCurves.cpp">
      <Filter>local_addons\ofxTimeline\src</Filter>
    </ClCompile>
    <ClCompile Include="..\..\addons\ofxTimeline\src\ofxTLEmptyKeyframes.cpp">
      <Filter>local_addons\ofxTimeline\src</Filter>
    </ClCompile>
    <ClCompile Include="..\..\addons\ofxTimeline\src\ofxTLEmptyTrack.cpp">
      <Filter>local_addons\ofxTimeline\src</Filter>
    </ClCompile>
    <ClCompile Include="..\..\addons\ofxTimeline\src\ofxTLFlags.cpp">
      <Filter>local_addons\ofxTimeline\src</Filter>
    </ClCompile>
    <ClCompile Include="..\..\addons\ofxTimeline\src\ofxTLImageSequence.cpp">
      <Filter>local_addons\ofxTimeline\src</Filter>
    </ClCompile>
    <ClCompile Include="..\..\addons\ofxTimeline\src\ofxTLImageSequenceFrame.cpp">
      <Filter>local_addons\ofxTimeline\src</Filter>
    </ClCompile>
    <ClCompile Include="..\..\addons\ofxTimeline\src\ofxTLImageTrack.cpp">
      <Filter>local_addons\ofxTimeline\src</Filter>
    </ClCompile>
    <ClCompile Include="..\..\addons\ofxTimeline\src\ofxTLInOut.cpp">
      <Filter>local_addons\ofxTimeline\src</Filter>
    </ClCompile>
    <ClCompile Include="..\..\addons\ofxTimeline\src\ofxTLKeyframes.cpp">
      <Filter>local_addons\ofxTimeline\src</Filter>
    </ClCompile>
    <ClCompile Include="..\..\addons\ofxTimeline\src\ofxTLLFO.cpp">
      <Filter>local_addons\ofxTimeline\src</Filter>
    </ClCompile>
    <ClCompile Include="..\..\addons\ofxTimeline\src\ofxTLPage.cpp">
      <Filter>local_addons\ofxTimeline\src</Filter>
    </ClCompile>
    <ClCompile Include="..\..\addons\ofxTimeline\src\ofxTLPageTabs.cpp">
      <Filter>local_addons\ofxTimeline\src</Filter>
    </ClCompile>
    <ClCompile Include="..\..\addons\ofxTimeline\src\ofxTLSwitches.cpp">
      <Filter>local_addons\ofxTimeline\src</Filter>
    </ClCompile>
    <ClCompile Include="..\..\addons\ofxTimeline\src\ofxTLTicker.cpp">
      <Filter>local_addons\ofxTimeline\src</Filter>
    </ClCompile>
    <ClCompile Include="..\..\addons\ofxTimeline\src\ofxTLTrack.cpp">
      <Filter>local_addons\ofxTimeline\src</Filter>
    </ClCompile>
    <ClCompile Include="..\..\addons\ofxTimeline\src\ofxTLTrackHeader.cpp">
      <Filter>local_addons\ofxTimeline\src</Filter>
    </ClCompile>
    <ClCompile Include="..\..\addons\ofxTimeline\src\ofxTLVideoThumb.cpp">
      <Filter>local_addons\ofxTimeline\src</Filter>
    </ClCompile>
    <ClCompile Include="..\..\addons\ofxTimeline\src\ofxTLVideoTrack.cpp">
      <Filter>local_addons\ofxTimeline\src</Filter>
    </ClCompile>
    <ClCompile Include="..\..\addons\ofxTimeline\src\ofxTLZoomer.cpp">
      <Filter>local_addons\ofxTimeline\src</Filter>
    </ClCompile>
    <ClCompile Include="..\..\addons\ofxTimeline\libs\kiss\src\kiss_fft.c">
      <Filter>local_addons\ofxTimeline\libs\kiss\src</Filter>
    </ClCompile>
    <ClCompile Include="..\..\addons\ofxTimeline\libs\kiss\src\kiss_fftr.c">
      <Filter>local_addons\ofxTimeline\libs\kiss\src</Filter>
    </ClCompile>
    <ClCompile Include="..\..\addons\ofxTimeline\libs\ofOpenALSoundPlayer_TimelineAdditions\src\ofOpenALSoundPlayer_TimelineAdditions.cpp">
      <Filter>local_addons\ofxTimeline\libs\ofOpenALSoundPlayer_TimelineAdditions\src</Filter>
    </ClCompile>
    <ClCompile Include="..\EntropyGeom\src\entropy\geom\Box.cpp">
      <Filter>local_addons\EntropyGeom\src\entropy\geom</Filter>
    </ClCompile>
    <ClCompile Include="..\EntropyGeom\src\entropy\geom\Shape.cpp">
      <Filter>local_addons\EntropyGeom\src\entropy\geom</Filter>
    </ClCompile>
    <ClCompile Include="..\EntropyGeom\src\entropy\geom\Sphere.cpp">
      <Filter>local_addons\EntropyGeom\src\entropy\geom</Filter>
    </ClCompile>
    <ClCompile Include="..\EntropyGeom\src\entropy\geom\Stripes.cpp">
      <Filter>local_addons\EntropyGeom\src\entropy\geom</Filter>
    </ClCompile>
    <ClCompile Include="..\EntropyRender\src\entropy\render\BlobMask.cpp">
      <Filter>local_addons\EntropyRender\src\entropy\render</Filter>
    </ClCompile>
    <ClCompile Include="..\EntropyRender\src\entropy\render\PostEffects.cpp">
      <Filter>local_addons\EntropyRender\src\entropy\render</Filter>
    </ClCompile>
    <ClCompile Include="..\EntropyRender\src\entropy\render\WireframeFillRenderer.cpp">
      <Filter>local_addons\EntropyRender\src\entropy\render</Filter>
    </ClCompile>
  </ItemGroup>
  <ItemGroup>
    <Filter Include="src">
      <UniqueIdentifier>{d8376475-7454-4a24-b08a-aac121d3ad6f}</UniqueIdentifier>
    </Filter>
    <Filter Include="src\entropy">
      <UniqueIdentifier>{D3F5A9F4-E5AB-AAE4-DC1C-6918}</UniqueIdentifier>
    </Filter>
    <Filter Include="src\entropy\surveys">
      <UniqueIdentifier>{FF9AAE1F-82E4-EE05-E7FC-B65F}</UniqueIdentifier>
    </Filter>
    <Filter Include="addons">
      <UniqueIdentifier>{71834F65-F3A9-211E-73B8-DC85}</UniqueIdentifier>
    </Filter>
    <Filter Include="addons\ofxGui">
      <UniqueIdentifier>{4F2A59AF-5F4E-704B-D067-EC13}</UniqueIdentifier>
    </Filter>
    <Filter Include="addons\ofxGui\src">
      <UniqueIdentifier>{645E9533-4DCD-6179-1CDF-CB65}</UniqueIdentifier>
    </Filter>
    <Filter Include="addons\ofxXmlSettings">
      <UniqueIdentifier>{877F005D-13E6-0592-1D97-F2E3}</UniqueIdentifier>
    </Filter>
    <Filter Include="addons\ofxXmlSettings\src">
      <UniqueIdentifier>{CCB2AC63-49D2-977C-CFE8-AEAD}</UniqueIdentifier>
    </Filter>
    <Filter Include="addons\ofxXmlSettings\libs">
      <UniqueIdentifier>{687714A8-1662-FA1C-261F-50F0}</UniqueIdentifier>
    </Filter>
    <Filter Include="local_addons">
      <UniqueIdentifier>{DE6745C7-E99D-D8E0-F77D-C032}</UniqueIdentifier>
    </Filter>
    <Filter Include="local_addons\ofxEasing">
      <UniqueIdentifier>{09BAC5A2-221F-DBBE-CEE3-29FF}</UniqueIdentifier>
    </Filter>
    <Filter Include="local_addons\ofxEasing\src">
      <UniqueIdentifier>{A6B16EF9-3A3D-EA2D-8A51-7D3D}</UniqueIdentifier>
    </Filter>
    <Filter Include="local_addons\ofxHDF5">
      <UniqueIdentifier>{A14E8645-312F-E1DA-63BD-FC1A}</UniqueIdentifier>
    </Filter>
    <Filter Include="local_addons\ofxHDF5\src">
      <UniqueIdentifier>{F5907142-C04D-ABC0-3B28-9FBD}</UniqueIdentifier>
    </Filter>
    <Filter Include="local_addons\ofxObjLoader">
      <UniqueIdentifier>{571A3230-8355-C122-4341-3889}</UniqueIdentifier>
    </Filter>
    <Filter Include="local_addons\ofxObjLoader\src">
      <UniqueIdentifier>{08AE2AF2-51BD-A42B-6637-F04E}</UniqueIdentifier>
    </Filter>
    <Filter Include="local_addons\ofxObjLoader\libs">
      <UniqueIdentifier>{211C49D9-51CB-E6C6-8DAD-31E3}</UniqueIdentifier>
    </Filter>
    <Filter Include="local_addons\ofxRange">
      <UniqueIdentifier>{37BAA317-9451-E12F-7CDF-0905}</UniqueIdentifier>
    </Filter>
    <Filter Include="local_addons\ofxRange\src">
      <UniqueIdentifier>{9C86F2DF-AF0B-20E3-D9F9-5218}</UniqueIdentifier>
    </Filter>
    <Filter Include="local_addons\ofxSerialize">
      <UniqueIdentifier>{B2A6570A-D2C7-40CB-5DE8-99E8}</UniqueIdentifier>
    </Filter>
    <Filter Include="local_addons\ofxSerialize\src">
      <UniqueIdentifier>{CA5122F3-8527-5916-5866-2119}</UniqueIdentifier>
    </Filter>
    <Filter Include="local_addons\ofxSet">
      <UniqueIdentifier>{8AFCF2D2-FEB6-04EA-DF1B-5D60}</UniqueIdentifier>
    </Filter>
    <Filter Include="local_addons\ofxSet\src">
      <UniqueIdentifier>{5AE432FB-C8D0-1918-FCBC-FD71}</UniqueIdentifier>
    </Filter>
    <Filter Include="local_addons\ofxTextInputField">
      <UniqueIdentifier>{5FC37960-E6F8-CD1A-33EE-F5E1}</UniqueIdentifier>
    </Filter>
    <Filter Include="local_addons\ofxTextInputField\src">
      <UniqueIdentifier>{E5E3389E-B5E5-B40C-A4DC-A8AB}</UniqueIdentifier>
    </Filter>
    <Filter Include="local_addons\ofxTextureRecorder">
      <UniqueIdentifier>{49B4AD87-1CA9-AB4A-48AE-4FA0}</UniqueIdentifier>
    </Filter>
    <Filter Include="local_addons\ofxTextureRecorder\src">
      <UniqueIdentifier>{BBA602B5-AB8B-5F1B-BE51-7DA9}</UniqueIdentifier>
    </Filter>
    <Filter Include="local_addons\ofxTextureRecorder\libs">
      <UniqueIdentifier>{01CCD978-A4A4-84CD-F5C0-D2F7}</UniqueIdentifier>
    </Filter>
    <Filter Include="local_addons\ofxTextureRecorder\libs\half">
      <UniqueIdentifier>{84B6C7C5-C329-ABA5-F37C-A6C0}</UniqueIdentifier>
    </Filter>
    <Filter Include="local_addons\ofxTextureRecorder\libs\half\include">
      <UniqueIdentifier>{97E3B1B2-03CA-4BE0-8B63-1715}</UniqueIdentifier>
    </Filter>
    <Filter Include="local_addons\ofxTimecode">
      <UniqueIdentifier>{61CBE0D7-6D4D-5396-5960-D176}</UniqueIdentifier>
    </Filter>
    <Filter Include="local_addons\ofxTimecode\src">
      <UniqueIdentifier>{4EAE671B-F2AB-B1ED-022C-B1A9}</UniqueIdentifier>
    </Filter>
    <Filter Include="local_addons\ofxTimeline">
      <UniqueIdentifier>{779B08AE-F457-51A3-FAFC-82E0}</UniqueIdentifier>
    </Filter>
    <Filter Include="local_addons\ofxTimeline\src">
      <UniqueIdentifier>{74708723-9F17-8290-CAD1-44F2}</UniqueIdentifier>
    </Filter>
    <Filter Include="local_addons\ofxTimeline\libs">
      <UniqueIdentifier>{0BFAE52E-3834-9FC1-F48B-4200}</UniqueIdentifier>
    </Filter>
    <Filter Include="local_addons\ofxTimeline\libs\kiss">
      <UniqueIdentifier>{B57C3786-03FA-86BD-4510-DFBA}</UniqueIdentifier>
    </Filter>
    <Filter Include="local_addons\ofxTimeline\libs\kiss\include">
      <UniqueIdentifier>{501856A1-A98F-FF4A-FC21-6F97}</UniqueIdentifier>
    </Filter>
    <Filter Include="local_addons\ofxTimeline\libs\kiss\src">
      <UniqueIdentifier>{B60ECCC0-BA57-B881-867D-9D49}</UniqueIdentifier>
    </Filter>
    <Filter Include="local_addons\ofxTimeline\libs\ofOpenALSoundPlayer_TimelineAdditions">
      <UniqueIdentifier>{FD823F29-3551-6F9E-5FA9-9664}</UniqueIdentifier>
    </Filter>
    <Filter Include="local_addons\ofxTimeline\libs\ofOpenALSoundPlayer_TimelineAdditions\src">
      <UniqueIdentifier>{E32CF88C-F81A-BB61-0DF1-8073}</UniqueIdentifier>
    </Filter>
    <Filter Include="local_addons\ofxTimeline\libs\openal">
      <UniqueIdentifier>{ED3CB3F1-D21F-CE5E-2B45-3607}</UniqueIdentifier>
    </Filter>
    <Filter Include="local_addons\ofxTimeline\libs\openal\include">
      <UniqueIdentifier>{008A755E-BBA9-B895-CC2A-038E}</UniqueIdentifier>
    </Filter>
    <Filter Include="local_addons\ofxTimeline\libs\openal\include\AL">
      <UniqueIdentifier>{A54686D7-412F-A692-5D5B-4859}</UniqueIdentifier>
    </Filter>
    <Filter Include="local_addons\ofxTimeline\libs\sndfile">
      <UniqueIdentifier>{C78B1F1D-DDD9-B784-19AD-3A1E}</UniqueIdentifier>
    </Filter>
    <Filter Include="local_addons\ofxTimeline\libs\sndfile\include">
      <UniqueIdentifier>{4D028A0C-B98D-7CF4-EA7F-350E}</UniqueIdentifier>
    </Filter>
    <Filter Include="local_addons\EntropyGeom">
      <UniqueIdentifier>{8E03FC7A-1BDB-D206-104A-4E4B}</UniqueIdentifier>
    </Filter>
    <Filter Include="local_addons\EntropyGeom\src">
      <UniqueIdentifier>{668B0D10-5A56-121D-72BE-5490}</UniqueIdentifier>
    </Filter>
    <Filter Include="local_addons\EntropyGeom\src\entropy">
      <UniqueIdentifier>{45678B2B-8DDC-9B0C-EEEA-802B}</UniqueIdentifier>
    </Filter>
    <Filter Include="local_addons\EntropyGeom\src\entropy\geom">
      <UniqueIdentifier>{B7B44AA4-23A6-A451-1B56-2A08}</UniqueIdentifier>
    </Filter>
    <Filter Include="local_addons\EntropyRender">
      <UniqueIdentifier>{31A44935-C502-8EFA-2677-F449}</UniqueIdentifier>
    </Filter>
    <Filter Include="local_addons\EntropyRender\src">
      <UniqueIdentifier>{F1261477-D89A-F3EA-EFCF-1E88}</UniqueIdentifier>
    </Filter>
    <Filter Include="local_addons\EntropyRender\src\entropy">
      <UniqueIdentifier>{73F1BE7B-10C8-CA82-5B22-6286}</UniqueIdentifier>
    </Filter>
    <Filter Include="local_addons\EntropyRender\src\entropy\render">
      <UniqueIdentifier>{D0002D35-1F4C-75D4-E003-90A5}</UniqueIdentifier>
    </Filter>
    <Filter Include="local_addons\EntropyUtil">
      <UniqueIdentifier>{BB8A8D78-89DA-2819-DBA5-F090}</UniqueIdentifier>
    </Filter>
    <Filter Include="local_addons\EntropyUtil\src">
      <UniqueIdentifier>{73EDF871-B49B-4AE6-BEC4-2098}</UniqueIdentifier>
    </Filter>
    <Filter Include="local_addons\EntropyUtil\src\entropy">
      <UniqueIdentifier>{B775035B-342C-D6AC-0EED-D0DB}</UniqueIdentifier>
    </Filter>
  </ItemGroup>
  <ItemGroup>
    <ClInclude Include="src\ofApp.h">
      <Filter>src</Filter>
    </ClInclude>
    <ClInclude Include="src\entropy\surveys\DataSet.h">
      <Filter>src\entropy\surveys</Filter>
    </ClInclude>
    <ClInclude Include="src\entropy\surveys\GaussianMapTexture.h">
      <Filter>src\entropy\surveys</Filter>
    </ClInclude>
    <ClInclude Include="src\ofApp.h">
      <Filter>src</Filter>
    </ClInclude>
    <ClInclude Include="..\..\..\addons\ofxGui\src\ofxBaseGui.h">
      <Filter>addons\ofxGui\src</Filter>
    </ClInclude>
    <ClInclude Include="..\..\..\addons\ofxGui\src\ofxButton.h">
      <Filter>addons\ofxGui\src</Filter>
    </ClInclude>
    <ClInclude Include="..\..\..\addons\ofxGui\src\ofxColorPicker.h">
      <Filter>addons\ofxGui\src</Filter>
    </ClInclude>
    <ClInclude Include="..\..\..\addons\ofxGui\src\ofxGui.h">
      <Filter>addons\ofxGui\src</Filter>
    </ClInclude>
    <ClInclude Include="..\..\..\addons\ofxGui\src\ofxGuiGroup.h">
      <Filter>addons\ofxGui\src</Filter>
    </ClInclude>
    <ClInclude Include="..\..\..\addons\ofxGui\src\ofxInputField.h">
      <Filter>addons\ofxGui\src</Filter>
    </ClInclude>
    <ClInclude Include="..\..\..\addons\ofxGui\src\ofxLabel.h">
      <Filter>addons\ofxGui\src</Filter>
    </ClInclude>
    <ClInclude Include="..\..\..\addons\ofxGui\src\ofxPanel.h">
      <Filter>addons\ofxGui\src</Filter>
    </ClInclude>
    <ClInclude Include="..\..\..\addons\ofxGui\src\ofxSlider.h">
      <Filter>addons\ofxGui\src</Filter>
    </ClInclude>
    <ClInclude Include="..\..\..\addons\ofxGui\src\ofxSliderGroup.h">
      <Filter>addons\ofxGui\src</Filter>
    </ClInclude>
    <ClInclude Include="..\..\..\addons\ofxGui\src\ofxToggle.h">
      <Filter>addons\ofxGui\src</Filter>
    </ClInclude>
    <ClInclude Include="..\..\..\addons\ofxXmlSettings\src\ofxXmlSettings.h">
      <Filter>addons\ofxXmlSettings\src</Filter>
    </ClInclude>
    <ClInclude Include="..\..\..\addons\ofxXmlSettings\libs\tinyxml.h">
      <Filter>addons\ofxXmlSettings\libs</Filter>
    </ClInclude>
    <ClInclude Include="..\..\addons\ofxEasing\src\easing_terms_of_use.html">
      <Filter>local_addons\ofxEasing\src</Filter>
    </ClInclude>
    <ClInclude Include="..\..\addons\ofxEasing\src\ofxEasing.h">
      <Filter>local_addons\ofxEasing\src</Filter>
    </ClInclude>
    <ClInclude Include="..\..\addons\ofxHDF5\src\ofxHDF5.h">
      <Filter>local_addons\ofxHDF5\src</Filter>
    </ClInclude>
    <ClInclude Include="..\..\addons\ofxHDF5\src\ofxHDF5Container.h">
      <Filter>local_addons\ofxHDF5\src</Filter>
    </ClInclude>
    <ClInclude Include="..\..\addons\ofxHDF5\src\ofxHDF5DataSet.h">
      <Filter>local_addons\ofxHDF5\src</Filter>
    </ClInclude>
    <ClInclude Include="..\..\addons\ofxHDF5\src\ofxHDF5File.h">
      <Filter>local_addons\ofxHDF5\src</Filter>
    </ClInclude>
    <ClInclude Include="..\..\addons\ofxHDF5\src\ofxHDF5Group.h">
      <Filter>local_addons\ofxHDF5\src</Filter>
    </ClInclude>
    <ClInclude Include="..\..\addons\ofxObjLoader\src\ofxObjLoader.h">
      <Filter>local_addons\ofxObjLoader\src</Filter>
    </ClInclude>
    <ClInclude Include="..\..\addons\ofxObjLoader\libs\glm.h">
      <Filter>local_addons\ofxObjLoader\libs</Filter>
    </ClInclude>
    <ClInclude Include="..\..\addons\ofxRange\src\ofRange.h">
      <Filter>local_addons\ofxRange\src</Filter>
    </ClInclude>
    <ClInclude Include="..\..\addons\ofxSerialize\src\ofxSerialize.h">
      <Filter>local_addons\ofxSerialize\src</Filter>
    </ClInclude>
    <ClInclude Include="..\..\addons\ofxSerialize\src\ofxSerialize.inl">
      <Filter>local_addons\ofxSerialize\src</Filter>
    </ClInclude>
    <ClInclude Include="..\..\addons\ofxSet\src\ofxRange.h">
      <Filter>local_addons\ofxSet\src</Filter>
    </ClInclude>
    <ClInclude Include="..\..\addons\ofxSet\src\ofxRange.inl">
      <Filter>local_addons\ofxSet\src</Filter>
    </ClInclude>
    <ClInclude Include="..\..\addons\ofxSet\src\ofxSet.h">
      <Filter>local_addons\ofxSet\src</Filter>
    </ClInclude>
    <ClInclude Include="..\..\addons\ofxSet\src\ofxSet.inl">
      <Filter>local_addons\ofxSet\src</Filter>
    </ClInclude>
    <ClInclude Include="..\..\addons\ofxTextInputField\src\ofxTextInputField.h">
      <Filter>local_addons\ofxTextInputField\src</Filter>
    </ClInclude>
    <ClInclude Include="..\..\addons\ofxTextInputField\src\ofxTextInputFieldFontRenderer.h">
      <Filter>local_addons\ofxTextInputField\src</Filter>
    </ClInclude>
    <ClInclude Include="..\..\addons\ofxTextureRecorder\src\ofxTextureRecorder.h">
      <Filter>local_addons\ofxTextureRecorder\src</Filter>
    </ClInclude>
    <ClInclude Include="..\..\addons\ofxTextureRecorder\libs\half\include\half.hpp">
      <Filter>local_addons\ofxTextureRecorder\libs\half\include</Filter>
    </ClInclude>
    <ClInclude Include="..\..\addons\ofxTimecode\src\ofxTimecode.h">
      <Filter>local_addons\ofxTimecode\src</Filter>
    </ClInclude>
    <ClInclude Include="..\..\addons\ofxTimeline\src\ofxHotKeys.h">
      <Filter>local_addons\ofxTimeline\src</Filter>
    </ClInclude>
    <ClInclude Include="..\..\addons\ofxTimeline\src\ofxRemoveCocoaMenu.h">
      <Filter>local_addons\ofxTimeline\src</Filter>
    </ClInclude>
    <ClInclude Include="..\..\addons\ofxTimeline\src\ofxTimeline.h">
      <Filter>local_addons\ofxTimeline\src</Filter>
    </ClInclude>
    <ClInclude Include="..\..\addons\ofxTimeline\src\ofxTLAudioTrack.h">
      <Filter>local_addons\ofxTimeline\src</Filter>
    </ClInclude>
    <ClInclude Include="..\..\addons\ofxTimeline\src\ofxTLBangs.h">
      <Filter>local_addons\ofxTimeline\src</Filter>
    </ClInclude>
    <ClInclude Include="..\..\addons\ofxTimeline\src\ofxTLCameraTrack.h">
      <Filter>local_addons\ofxTimeline\src</Filter>
    </ClInclude>
    <ClInclude Include="..\..\addons\ofxTimeline\src\ofxTLColors.h">
      <Filter>local_addons\ofxTimeline\src</Filter>
    </ClInclude>
    <ClInclude Include="..\..\addons\ofxTimeline\src\ofxTLColorTrack.h">
      <Filter>local_addons\ofxTimeline\src</Filter>
    </ClInclude>
    <ClInclude Include="..\..\addons\ofxTimeline\src\ofxTLCurves.h">
      <Filter>local_addons\ofxTimeline\src</Filter>
    </ClInclude>
    <ClInclude Include="..\..\addons\ofxTimeline\src\ofxTLEmptyKeyframes.h">
      <Filter>local_addons\ofxTimeline\src</Filter>
    </ClInclude>
    <ClInclude Include="..\..\addons\ofxTimeline\src\ofxTLEmptyTrack.h">
      <Filter>local_addons\ofxTimeline\src</Filter>
    </ClInclude>
    <ClInclude Include="..\..\addons\ofxTimeline\src\ofxTLEvents.h">
      <Filter>local_addons\ofxTimeline\src</Filter>
    </ClInclude>
    <ClInclude Include="..\..\addons\ofxTimeline\src\ofxTLFlags.h">
      <Filter>local_addons\ofxTimeline\src</Filter>
    </ClInclude>
    <ClInclude Include="..\..\addons\ofxTimeline\src\ofxTLImageSequence.h">
      <Filter>local_addons\ofxTimeline\src</Filter>
    </ClInclude>
    <ClInclude Include="..\..\addons\ofxTimeline\src\ofxTLImageSequenceFrame.h">
      <Filter>local_addons\ofxTimeline\src</Filter>
    </ClInclude>
    <ClInclude Include="..\..\addons\ofxTimeline\src\ofxTLImageTrack.h">
      <Filter>local_addons\ofxTimeline\src</Filter>
    </ClInclude>
    <ClInclude Include="..\..\addons\ofxTimeline\src\ofxTLInOut.h">
      <Filter>local_addons\ofxTimeline\src</Filter>
    </ClInclude>
    <ClInclude Include="..\..\addons\ofxTimeline\src\ofxTLKeyframes.h">
      <Filter>local_addons\ofxTimeline\src</Filter>
    </ClInclude>
    <ClInclude Include="..\..\addons\ofxTimeline\src\ofxTLLFO.h">
      <Filter>local_addons\ofxTimeline\src</Filter>
    </ClInclude>
    <ClInclude Include="..\..\addons\ofxTimeline\src\ofxTLPage.h">
      <Filter>local_addons\ofxTimeline\src</Filter>
    </ClInclude>
    <ClInclude Include="..\..\addons\ofxTimeline\src\ofxTLPageTabs.h">
      <Filter>local_addons\ofxTimeline\src</Filter>
    </ClInclude>
    <ClInclude Include="..\..\addons\ofxTimeline\src\ofxTLSwitches.h">
      <Filter>local_addons\ofxTimeline\src</Filter>
    </ClInclude>
    <ClInclude Include="..\..\addons\ofxTimeline\src\ofxTLTicker.h">
      <Filter>local_addons\ofxTimeline\src</Filter>
    </ClInclude>
    <ClInclude Include="..\..\addons\ofxTimeline\src\ofxTLTrack.h">
      <Filter>local_addons\ofxTimeline\src</Filter>
    </ClInclude>
    <ClInclude Include="..\..\addons\ofxTimeline\src\ofxTLTrackHeader.h">
      <Filter>local_addons\ofxTimeline\src</Filter>
    </ClInclude>
    <ClInclude Include="..\..\addons\ofxTimeline\src\ofxTLVideoThumb.h">
      <Filter>local_addons\ofxTimeline\src</Filter>
    </ClInclude>
    <ClInclude Include="..\..\addons\ofxTimeline\src\ofxTLVideoTrack.h">
      <Filter>local_addons\ofxTimeline\src</Filter>
    </ClInclude>
    <ClInclude Include="..\..\addons\ofxTimeline\src\ofxTLZoomer.h">
      <Filter>local_addons\ofxTimeline\src</Filter>
    </ClInclude>
    <ClInclude Include="..\..\addons\ofxTimeline\libs\kiss\include\kiss_fft.h">
      <Filter>local_addons\ofxTimeline\libs\kiss\include</Filter>
    </ClInclude>
    <ClInclude Include="..\..\addons\ofxTimeline\libs\kiss\include\kiss_fftr.h">
      <Filter>local_addons\ofxTimeline\libs\kiss\include</Filter>
    </ClInclude>
    <ClInclude Include="..\..\addons\ofxTimeline\libs\kiss\src\_kiss_fft_guts.h">
      <Filter>local_addons\ofxTimeline\libs\kiss\src</Filter>
    </ClInclude>
    <ClInclude Include="..\..\addons\ofxTimeline\libs\ofOpenALSoundPlayer_TimelineAdditions\src\ofOpenALSoundPlayer_TimelineAdditions.h">
      <Filter>local_addons\ofxTimeline\libs\ofOpenALSoundPlayer_TimelineAdditions\src</Filter>
    </ClInclude>
    <ClInclude Include="..\..\addons\ofxTimeline\libs\openal\include\AL\al.h">
      <Filter>local_addons\ofxTimeline\libs\openal\include\AL</Filter>
    </ClInclude>
    <ClInclude Include="..\..\addons\ofxTimeline\libs\openal\include\AL\alc.h">
      <Filter>local_addons\ofxTimeline\libs\openal\include\AL</Filter>
    </ClInclude>
    <ClInclude Include="..\..\addons\ofxTimeline\libs\openal\include\AL\alext.h">
      <Filter>local_addons\ofxTimeline\libs\openal\include\AL</Filter>
    </ClInclude>
    <ClInclude Include="..\..\addons\ofxTimeline\libs\openal\include\AL\efx-creative.h">
      <Filter>local_addons\ofxTimeline\libs\openal\include\AL</Filter>
    </ClInclude>
    <ClInclude Include="..\..\addons\ofxTimeline\libs\openal\include\AL\efx-presets.h">
      <Filter>local_addons\ofxTimeline\libs\openal\include\AL</Filter>
    </ClInclude>
    <ClInclude Include="..\..\addons\ofxTimeline\libs\openal\include\AL\efx.h">
      <Filter>local_addons\ofxTimeline\libs\openal\include\AL</Filter>
    </ClInclude>
    <ClInclude Include="..\..\addons\ofxTimeline\libs\sndfile\include\sndfile.h">
      <Filter>local_addons\ofxTimeline\libs\sndfile\include</Filter>
    </ClInclude>
    <ClInclude Include="..\EntropyGeom\src\entropy\geom\Box.h">
      <Filter>local_addons\EntropyGeom\src\entropy\geom</Filter>
    </ClInclude>
    <ClInclude Include="..\EntropyGeom\src\entropy\geom\Shape.h">
      <Filter>local_addons\EntropyGeom\src\entropy\geom</Filter>
    </ClInclude>
    <ClInclude Include="..\EntropyGeom\src\entropy\geom\Sphere.h">
      <Filter>local_addons\EntropyGeom\src\entropy\geom</Filter>
    </ClInclude>
    <ClInclude Include="..\EntropyGeom\src\entropy\geom\Stripes.h">
      <Filter>local_addons\EntropyGeom\src\entropy\geom</Filter>
    </ClInclude>
    <ClInclude Include="..\EntropyRender\src\entropy\render\BlobMask.h">
      <Filter>local_addons\EntropyRender\src\entropy\render</Filter>
    </ClInclude>
    <ClInclude Include="..\EntropyRender\src\entropy\render\PostEffects.h">
      <Filter>local_addons\EntropyRender\src\entropy\render</Filter>
    </ClInclude>
    <ClInclude Include="..\EntropyRender\src\entropy\render\WireframeFillRenderer.h">
      <Filter>local_addons\EntropyRender\src\entropy\render</Filter>
    </ClInclude>
    <ClInclude Include="..\EntropyUtil\src\entropy\Helpers.h">
      <Filter>local_addons\EntropyUtil\src\entropy</Filter>
    </ClInclude>
  </ItemGroup>
  <ItemGroup>
    <ResourceCompile Include="icon.rc" />
  </ItemGroup>
</Project>